// !$*UTF8*$!
{
	archiveVersion = 1;
	classes = {
	};
	objectVersion = 50;
	objects = {

/* Begin PBXBuildFile section */
		FF945E2323E8BC73006721B8 /* AppDelegate.swift in Sources */ = {isa = PBXBuildFile; fileRef = FF945E2223E8BC73006721B8 /* AppDelegate.swift */; };
		FF945E2523E8BC73006721B8 /* SceneDelegate.swift in Sources */ = {isa = PBXBuildFile; fileRef = FF945E2423E8BC73006721B8 /* SceneDelegate.swift */; };
		FF945E2A23E8BC73006721B8 /* Main.storyboard in Resources */ = {isa = PBXBuildFile; fileRef = FF945E2823E8BC73006721B8 /* Main.storyboard */; };
		FF945E2C23E8BC74006721B8 /* Assets.xcassets in Resources */ = {isa = PBXBuildFile; fileRef = FF945E2B23E8BC74006721B8 /* Assets.xcassets */; };
		FF945E2F23E8BC74006721B8 /* LaunchScreen.storyboard in Resources */ = {isa = PBXBuildFile; fileRef = FF945E2D23E8BC74006721B8 /* LaunchScreen.storyboard */; };
		FF945E3723E8C2DF006721B8 /* LoginViewController.swift in Sources */ = {isa = PBXBuildFile; fileRef = FF945E3623E8C2DF006721B8 /* LoginViewController.swift */; };
		FF945E3923E8C308006721B8 /* HomeViewController.swift in Sources */ = {isa = PBXBuildFile; fileRef = FF945E3823E8C308006721B8 /* HomeViewController.swift */; };
/* End PBXBuildFile section */

/* Begin PBXFileReference section */
		FF945E1F23E8BC73006721B8 /* User Default Login.app */ = {isa = PBXFileReference; explicitFileType = wrapper.application; includeInIndex = 0; path = "User Default Login.app"; sourceTree = BUILT_PRODUCTS_DIR; };
		FF945E2223E8BC73006721B8 /* AppDelegate.swift */ = {isa = PBXFileReference; lastKnownFileType = sourcecode.swift; path = AppDelegate.swift; sourceTree = "<group>"; };
		FF945E2423E8BC73006721B8 /* SceneDelegate.swift */ = {isa = PBXFileReference; lastKnownFileType = sourcecode.swift; path = SceneDelegate.swift; sourceTree = "<group>"; };
		FF945E2923E8BC73006721B8 /* Base */ = {isa = PBXFileReference; lastKnownFileType = file.storyboard; name = Base; path = Base.lproj/Main.storyboard; sourceTree = "<group>"; };
		FF945E2B23E8BC74006721B8 /* Assets.xcassets */ = {isa = PBXFileReference; lastKnownFileType = folder.assetcatalog; path = Assets.xcassets; sourceTree = "<group>"; };
		FF945E2E23E8BC74006721B8 /* Base */ = {isa = PBXFileReference; lastKnownFileType = file.storyboard; name = Base; path = Base.lproj/LaunchScreen.storyboard; sourceTree = "<group>"; };
		FF945E3023E8BC74006721B8 /* Info.plist */ = {isa = PBXFileReference; lastKnownFileType = text.plist.xml; path = Info.plist; sourceTree = "<group>"; };
		FF945E3623E8C2DF006721B8 /* LoginViewController.swift */ = {isa = PBXFileReference; lastKnownFileType = sourcecode.swift; path = LoginViewController.swift; sourceTree = "<group>"; };
		FF945E3823E8C308006721B8 /* HomeViewController.swift */ = {isa = PBXFileReference; lastKnownFileType = sourcecode.swift; path = HomeViewController.swift; sourceTree = "<group>"; };
/* End PBXFileReference section */

/* Begin PBXFrameworksBuildPhase section */
		FF945E1C23E8BC73006721B8 /* Frameworks */ = {
			isa = PBXFrameworksBuildPhase;
			buildActionMask = 2147483647;
			files = (
			);
			runOnlyForDeploymentPostprocessing = 0;
		};
/* End PBXFrameworksBuildPhase section */

/* Begin PBXGroup section */
		FF945E1623E8BC73006721B8 = {
			isa = PBXGroup;
			children = (
				FF945E2123E8BC73006721B8 /* User Default Login */,
				FF945E2023E8BC73006721B8 /* Products */,
			);
			sourceTree = "<group>";
		};
		FF945E2023E8BC73006721B8 /* Products */ = {
			isa = PBXGroup;
			children = (
				FF945E1F23E8BC73006721B8 /* User Default Login.app */,
			);
			name = Products;
			sourceTree = "<group>";
		};
		FF945E2123E8BC73006721B8 /* User Default Login */ = {
			isa = PBXGroup;
			children = (
				FF945E2223E8BC73006721B8 /* AppDelegate.swift */,
				FF945E2423E8BC73006721B8 /* SceneDelegate.swift */,
				FF945E3623E8C2DF006721B8 /* LoginViewController.swift */,
				FF945E3823E8C308006721B8 /* HomeViewController.swift */,
				FF945E2823E8BC73006721B8 /* Main.storyboard */,
				FF945E2B23E8BC74006721B8 /* Assets.xcassets */,
				FF945E2D23E8BC74006721B8 /* LaunchScreen.storyboard */,
				FF945E3023E8BC74006721B8 /* Info.plist */,
			);
			path = "User Default Login";
			sourceTree = "<group>";
		};
/* End PBXGroup section */

/* Begin PBXNativeTarget section */
		FF945E1E23E8BC73006721B8 /* User Default Login */ = {
			isa = PBXNativeTarget;
			buildConfigurationList = FF945E3323E8BC74006721B8 /* Build configuration list for PBXNativeTarget "User Default Login" */;
			buildPhases = (
				FF945E1B23E8BC73006721B8 /* Sources */,
				FF945E1C23E8BC73006721B8 /* Frameworks */,
				FF945E1D23E8BC73006721B8 /* Resources */,
			);
			buildRules = (
			);
			dependencies = (
			);
			name = "User Default Login";
			productName = "User Default Login";
			productReference = FF945E1F23E8BC73006721B8 /* User Default Login.app */;
			productType = "com.apple.product-type.application";
		};
/* End PBXNativeTarget section */

/* Begin PBXProject section */
		FF945E1723E8BC73006721B8 /* Project object */ = {
			isa = PBXProject;
			attributes = {
				LastSwiftUpdateCheck = 1130;
				LastUpgradeCheck = 1130;
				ORGANIZATIONNAME = "Fahim Rahman";
				TargetAttributes = {
					FF945E1E23E8BC73006721B8 = {
						CreatedOnToolsVersion = 11.3.1;
					};
				};
			};
			buildConfigurationList = FF945E1A23E8BC73006721B8 /* Build configuration list for PBXProject "User Default Login" */;
			compatibilityVersion = "Xcode 9.3";
			developmentRegion = en;
			hasScannedForEncodings = 0;
			knownRegions = (
				en,
				Base,
			);
			mainGroup = FF945E1623E8BC73006721B8;
			productRefGroup = FF945E2023E8BC73006721B8 /* Products */;
			projectDirPath = "";
			projectRoot = "";
			targets = (
				FF945E1E23E8BC73006721B8 /* User Default Login */,
			);
		};
/* End PBXProject section */

/* Begin PBXResourcesBuildPhase section */
		FF945E1D23E8BC73006721B8 /* Resources */ = {
			isa = PBXResourcesBuildPhase;
			buildActionMask = 2147483647;
			files = (
				FF945E2F23E8BC74006721B8 /* LaunchScreen.storyboard in Resources */,
				FF945E2C23E8BC74006721B8 /* Assets.xcassets in Resources */,
				FF945E2A23E8BC73006721B8 /* Main.storyboard in Resources */,
			);
			runOnlyForDeploymentPostprocessing = 0;
		};
/* End PBXResourcesBuildPhase section */

/* Begin PBXSourcesBuildPhase section */
		FF945E1B23E8BC73006721B8 /* Sources */ = {
			isa = PBXSourcesBuildPhase;
			buildActionMask = 2147483647;
			files = (
				FF945E3723E8C2DF006721B8 /* LoginViewController.swift in Sources */,
				FF945E2323E8BC73006721B8 /* AppDelegate.swift in Sources */,
				FF945E2523E8BC73006721B8 /* SceneDelegate.swift in Sources */,
				FF945E3923E8C308006721B8 /* HomeViewController.swift in Sources */,
			);
			runOnlyForDeploymentPostprocessing = 0;
		};
/* End PBXSourcesBuildPhase section */

/* Begin PBXVariantGroup section */
		FF945E2823E8BC73006721B8 /* Main.storyboard */ = {
			isa = PBXVariantGroup;
			children = (
				FF945E2923E8BC73006721B8 /* Base */,
			);
			name = Main.storyboard;
			sourceTree = "<group>";
		};
		FF945E2D23E8BC74006721B8 /* LaunchScreen.storyboard */ = {
			isa = PBXVariantGroup;
			children = (
				FF945E2E23E8BC74006721B8 /* Base */,
			);
			name = LaunchScreen.storyboard;
			sourceTree = "<group>";
		};
/* End PBXVariantGroup section */

/* Begin XCBuildConfiguration section */
		FF945E3123E8BC74006721B8 /* Debug */ = {
			isa = XCBuildConfiguration;
			buildSettings = {
				ALWAYS_SEARCH_USER_PATHS = NO;
				CLANG_ANALYZER_NONNULL = YES;
				CLANG_ANALYZER_NUMBER_OBJECT_CONVERSION = YES_AGGRESSIVE;
				CLANG_CXX_LANGUAGE_STANDARD = "gnu++14";
				CLANG_CXX_LIBRARY = "libc++";
				CLANG_ENABLE_MODULES = YES;
				CLANG_ENABLE_OBJC_ARC = YES;
				CLANG_ENABLE_OBJC_WEAK = YES;
				CLANG_WARN_BLOCK_CAPTURE_AUTORELEASING = YES;
				CLANG_WARN_BOOL_CONVERSION = YES;
				CLANG_WARN_COMMA = YES;
				CLANG_WARN_CONSTANT_CONVERSION = YES;
				CLANG_WARN_DEPRECATED_OBJC_IMPLEMENTATIONS = YES;
				CLANG_WARN_DIRECT_OBJC_ISA_USAGE = YES_ERROR;
				CLANG_WARN_DOCUMENTATION_COMMENTS = YES;
				CLANG_WARN_EMPTY_BODY = YES;
				CLANG_WARN_ENUM_CONVERSION = YES;
				CLANG_WARN_INFINITE_RECURSION = YES;
				CLANG_WARN_INT_CONVERSION = YES;
				CLANG_WARN_NON_LITERAL_NULL_CONVERSION = YES;
				CLANG_WARN_OBJC_IMPLICIT_RETAIN_SELF = YES;
				CLANG_WARN_OBJC_LITERAL_CONVERSION = YES;
				CLANG_WARN_OBJC_ROOT_CLASS = YES_ERROR;
				CLANG_WARN_RANGE_LOOP_ANALYSIS = YES;
				CLANG_WARN_STRICT_PROTOTYPES = YES;
				CLANG_WARN_SUSPICIOUS_MOVE = YES;
				CLANG_WARN_UNGUARDED_AVAILABILITY = YES_AGGRESSIVE;
				CLANG_WARN_UNREACHABLE_CODE = YES;
				CLANG_WARN__DUPLICATE_METHOD_MATCH = YES;
				COPY_PHASE_STRIP = NO;
				DEBUG_INFORMATION_FORMAT = dwarf;
				ENABLE_STRICT_OBJC_MSGSEND = YES;
				ENABLE_TESTABILITY = YES;
				GCC_C_LANGUAGE_STANDARD = gnu11;
				GCC_DYNAMIC_NO_PIC = NO;
				GCC_NO_COMMON_BLOCKS = YES;
				GCC_OPTIMIZATION_LEVEL = 0;
				GCC_PREPROCESSOR_DEFINITIONS = (
					"DEBUG=1",
					"$(inherited)",
				);
				GCC_WARN_64_TO_32_BIT_CONVERSION = YES;
				GCC_WARN_ABOUT_RETURN_TYPE = YES_ERROR;
				GCC_WARN_UNDECLARED_SELECTOR = YES;
				GCC_WARN_UNINITIALIZED_AUTOS = YES_AGGRESSIVE;
				GCC_WARN_UNUSED_FUNCTION = YES;
				GCC_WARN_UNUSED_VARIABLE = YES;
				IPHONEOS_DEPLOYMENT_TARGET = 13.2;
				MTL_ENABLE_DEBUG_INFO = INCLUDE_SOURCE;
				MTL_FAST_MATH = YES;
				ONLY_ACTIVE_ARCH = YES;
				SDKROOT = iphoneos;
				SWIFT_ACTIVE_COMPILATION_CONDITIONS = DEBUG;
				SWIFT_OPTIMIZATION_LEVEL = "-Onone";
			};
			name = Debug;
		};
		FF945E3223E8BC74006721B8 /* Release */ = {
			isa = XCBuildConfiguration;
			buildSettings = {
				ALWAYS_SEARCH_USER_PATHS = NO;
				CLANG_ANALYZER_NONNULL = YES;
				CLANG_ANALYZER_NUMBER_OBJECT_CONVERSION = YES_AGGRESSIVE;
				CLANG_CXX_LANGUAGE_STANDARD = "gnu++14";
				CLANG_CXX_LIBRARY = "libc++";
				CLANG_ENABLE_MODULES = YES;
				CLANG_ENABLE_OBJC_ARC = YES;
				CLANG_ENABLE_OBJC_WEAK = YES;
				CLANG_WARN_BLOCK_CAPTURE_AUTORELEASING = YES;
				CLANG_WARN_BOOL_CONVERSION = YES;
				CLANG_WARN_COMMA = YES;
				CLANG_WARN_CONSTANT_CONVERSION = YES;
				CLANG_WARN_DEPRECATED_OBJC_IMPLEMENTATIONS = YES;
				CLANG_WARN_DIRECT_OBJC_ISA_USAGE = YES_ERROR;
				CLANG_WARN_DOCUMENTATION_COMMENTS = YES;
				CLANG_WARN_EMPTY_BODY = YES;
				CLANG_WARN_ENUM_CONVERSION = YES;
				CLANG_WARN_INFINITE_RECURSION = YES;
				CLANG_WARN_INT_CONVERSION = YES;
				CLANG_WARN_NON_LITERAL_NULL_CONVERSION = YES;
				CLANG_WARN_OBJC_IMPLICIT_RETAIN_SELF = YES;
				CLANG_WARN_OBJC_LITERAL_CONVERSION = YES;
				CLANG_WARN_OBJC_ROOT_CLASS = YES_ERROR;
				CLANG_WARN_RANGE_LOOP_ANALYSIS = YES;
				CLANG_WARN_STRICT_PROTOTYPES = YES;
				CLANG_WARN_SUSPICIOUS_MOVE = YES;
				CLANG_WARN_UNGUARDED_AVAILABILITY = YES_AGGRESSIVE;
				CLANG_WARN_UNREACHABLE_CODE = YES;
				CLANG_WARN__DUPLICATE_METHOD_MATCH = YES;
				COPY_PHASE_STRIP = NO;
				DEBUG_INFORMATION_FORMAT = "dwarf-with-dsym";
				ENABLE_NS_ASSERTIONS = NO;
				ENABLE_STRICT_OBJC_MSGSEND = YES;
				GCC_C_LANGUAGE_STANDARD = gnu11;
				GCC_NO_COMMON_BLOCKS = YES;
				GCC_WARN_64_TO_32_BIT_CONVERSION = YES;
				GCC_WARN_ABOUT_RETURN_TYPE = YES_ERROR;
				GCC_WARN_UNDECLARED_SELECTOR = YES;
				GCC_WARN_UNINITIALIZED_AUTOS = YES_AGGRESSIVE;
				GCC_WARN_UNUSED_FUNCTION = YES;
				GCC_WARN_UNUSED_VARIABLE = YES;
				IPHONEOS_DEPLOYMENT_TARGET = 13.2;
				MTL_ENABLE_DEBUG_INFO = NO;
				MTL_FAST_MATH = YES;
				SDKROOT = iphoneos;
				SWIFT_COMPILATION_MODE = wholemodule;
				SWIFT_OPTIMIZATION_LEVEL = "-O";
				VALIDATE_PRODUCT = YES;
			};
			name = Release;
		};
		FF945E3423E8BC74006721B8 /* Debug */ = {
			isa = XCBuildConfiguration;
			buildSettings = {
				ASSETCATALOG_COMPILER_APPICON_NAME = AppIcon;
				CODE_SIGN_STYLE = Automatic;
				DEVELOPMENT_TEAM = 4JWUSF25X2;
				INFOPLIST_FILE = "User Default Login/Info.plist";
				LD_RUNPATH_SEARCH_PATHS = (
					"$(inherited)",
					"@executable_path/Frameworks",
				);
				PRODUCT_BUNDLE_IDENTIFIER = "com.fahimrahman.User-Default-Login";
				PRODUCT_NAME = "$(TARGET_NAME)";
				SWIFT_VERSION = 5.0;
				TARGETED_DEVICE_FAMILY = 1;
			};
			name = Debug;
		};
		FF945E3523E8BC74006721B8 /* Release */ = {
			isa = XCBuildConfiguration;
			buildSettings = {
				ASSETCATALOG_COMPILER_APPICON_NAME = AppIcon;
				CODE_SIGN_STYLE = Automatic;
				DEVELOPMENT_TEAM = 4JWUSF25X2;
				INFOPLIST_FILE = "User Default Login/Info.plist";
				LD_RUNPATH_SEARCH_PATHS = (
					"$(inherited)",
					"@executable_path/Frameworks",
				);
				PRODUCT_BUNDLE_IDENTIFIER = "com.fahimrahman.User-Default-Login";
				PRODUCT_NAME = "$(TARGET_NAME)";
				SWIFT_VERSION = 5.0;
				TARGETED_DEVICE_FAMILY = 1;
			};
			name = Release;
		};
/* End XCBuildConfiguration section */

/* Begin XCConfigurationList section */
		FF945E1A23E8BC73006721B8 /* Build configuration list for PBXProject "User Default Login" */ = {
			isa = XCConfigurationList;
			buildConfigurations = (
				FF945E3123E8BC74006721B8 /* Debug */,
				FF945E3223E8BC74006721B8 /* Release */,
			);
			defaultConfigurationIsVisible = 0;
			defaultConfigurationName = Release;
		};
		FF945E3323E8BC74006721B8 /* Build configuration list for PBXNativeTarget "User Default Login" */ = {
			isa = XCConfigurationList;
			buildConfigurations = (
				FF945E3423E8BC74006721B8 /* Debug */,
				FF945E3523E8BC74006721B8 /* Release */,
			);
			defaultConfigurationIsVisible = 0;
			defaultConfigurationName = Release;
		};
/* End XCConfigurationList section */
	};
	rootObject = FF945E1723E8BC73006721B8 /* Project object */;
}
